// !$*UTF8*$!
{
	archiveVersion = 1;
	classes = {
	};
	objectVersion = 56;
	objects = {

/* Begin PBXBuildFile section */
		AF877F582A1E4DE2003E4D60 /* CIDemoApp.swift in Sources */ = {isa = PBXBuildFile; fileRef = AF877F572A1E4DE2003E4D60 /* CIDemoApp.swift */; };
		AF877F5A2A1E4DE2003E4D60 /* ContentView.swift in Sources */ = {isa = PBXBuildFile; fileRef = AF877F592A1E4DE2003E4D60 /* ContentView.swift */; };
		AF877F5C2A1E4DE5003E4D60 /* Assets.xcassets in Resources */ = {isa = PBXBuildFile; fileRef = AF877F5B2A1E4DE5003E4D60 /* Assets.xcassets */; };
		AF877F5F2A1E4DE5003E4D60 /* Preview Assets.xcassets in Resources */ = {isa = PBXBuildFile; fileRef = AF877F5E2A1E4DE5003E4D60 /* Preview Assets.xcassets */; };
		AF877F692A1E4DE5003E4D60 /* CIDemoTests.swift in Sources */ = {isa = PBXBuildFile; fileRef = AF877F682A1E4DE5003E4D60 /* CIDemoTests.swift */; };
		AF877F732A1E4DE5003E4D60 /* CIDemoUITests.swift in Sources */ = {isa = PBXBuildFile; fileRef = AF877F722A1E4DE5003E4D60 /* CIDemoUITests.swift */; };
		AF877F752A1E4DE5003E4D60 /* CIDemoUITestsLaunchTests.swift in Sources */ = {isa = PBXBuildFile; fileRef = AF877F742A1E4DE5003E4D60 /* CIDemoUITestsLaunchTests.swift */; };
/* End PBXBuildFile section */

/* Begin PBXContainerItemProxy section */
		AF877F652A1E4DE5003E4D60 /* PBXContainerItemProxy */ = {
			isa = PBXContainerItemProxy;
			containerPortal = AF877F4C2A1E4DE2003E4D60 /* Project object */;
			proxyType = 1;
			remoteGlobalIDString = AF877F532A1E4DE2003E4D60;
			remoteInfo = CIDemo;
		};
		AF877F6F2A1E4DE5003E4D60 /* PBXContainerItemProxy */ = {
			isa = PBXContainerItemProxy;
			containerPortal = AF877F4C2A1E4DE2003E4D60 /* Project object */;
			proxyType = 1;
			remoteGlobalIDString = AF877F532A1E4DE2003E4D60;
			remoteInfo = CIDemo;
		};
/* End PBXContainerItemProxy section */

/* Begin PBXFileReference section */
		AF877F542A1E4DE2003E4D60 /* CIDemo.app */ = {isa = PBXFileReference; explicitFileType = wrapper.application; includeInIndex = 0; path = CIDemo.app; sourceTree = BUILT_PRODUCTS_DIR; };
		AF877F572A1E4DE2003E4D60 /* CIDemoApp.swift */ = {isa = PBXFileReference; lastKnownFileType = sourcecode.swift; path = CIDemoApp.swift; sourceTree = "<group>"; };
		AF877F592A1E4DE2003E4D60 /* ContentView.swift */ = {isa = PBXFileReference; lastKnownFileType = sourcecode.swift; path = ContentView.swift; sourceTree = "<group>"; };
		AF877F5B2A1E4DE5003E4D60 /* Assets.xcassets */ = {isa = PBXFileReference; lastKnownFileType = folder.assetcatalog; path = Assets.xcassets; sourceTree = "<group>"; };
		AF877F5E2A1E4DE5003E4D60 /* Preview Assets.xcassets */ = {isa = PBXFileReference; lastKnownFileType = folder.assetcatalog; path = "Preview Assets.xcassets"; sourceTree = "<group>"; };
		AF877F642A1E4DE5003E4D60 /* CIDemoTests.xctest */ = {isa = PBXFileReference; explicitFileType = wrapper.cfbundle; includeInIndex = 0; path = CIDemoTests.xctest; sourceTree = BUILT_PRODUCTS_DIR; };
		AF877F682A1E4DE5003E4D60 /* CIDemoTests.swift */ = {isa = PBXFileReference; lastKnownFileType = sourcecode.swift; path = CIDemoTests.swift; sourceTree = "<group>"; };
		AF877F6E2A1E4DE5003E4D60 /* CIDemoUITests.xctest */ = {isa = PBXFileReference; explicitFileType = wrapper.cfbundle; includeInIndex = 0; path = CIDemoUITests.xctest; sourceTree = BUILT_PRODUCTS_DIR; };
		AF877F722A1E4DE5003E4D60 /* CIDemoUITests.swift */ = {isa = PBXFileReference; lastKnownFileType = sourcecode.swift; path = CIDemoUITests.swift; sourceTree = "<group>"; };
		AF877F742A1E4DE5003E4D60 /* CIDemoUITestsLaunchTests.swift */ = {isa = PBXFileReference; lastKnownFileType = sourcecode.swift; path = CIDemoUITestsLaunchTests.swift; sourceTree = "<group>"; };
/* End PBXFileReference section */

/* Begin PBXFrameworksBuildPhase section */
		AF877F512A1E4DE2003E4D60 /* Frameworks */ = {
			isa = PBXFrameworksBuildPhase;
			buildActionMask = 2147483647;
			files = (
			);
			runOnlyForDeploymentPostprocessing = 0;
		};
		AF877F612A1E4DE5003E4D60 /* Frameworks */ = {
			isa = PBXFrameworksBuildPhase;
			buildActionMask = 2147483647;
			files = (
			);
			runOnlyForDeploymentPostprocessing = 0;
		};
		AF877F6B2A1E4DE5003E4D60 /* Frameworks */ = {
			isa = PBXFrameworksBuildPhase;
			buildActionMask = 2147483647;
			files = (
			);
			runOnlyForDeploymentPostprocessing = 0;
		};
/* End PBXFrameworksBuildPhase section */

/* Begin PBXGroup section */
		AF877F4B2A1E4DE2003E4D60 = {
			isa = PBXGroup;
			children = (
				AF877F562A1E4DE2003E4D60 /* CIDemo */,
				AF877F672A1E4DE5003E4D60 /* CIDemoTests */,
				AF877F712A1E4DE5003E4D60 /* CIDemoUITests */,
				AF877F552A1E4DE2003E4D60 /* Products */,
			);
			sourceTree = "<group>";
		};
		AF877F552A1E4DE2003E4D60 /* Products */ = {
			isa = PBXGroup;
			children = (
				AF877F542A1E4DE2003E4D60 /* CIDemo.app */,
				AF877F642A1E4DE5003E4D60 /* CIDemoTests.xctest */,
				AF877F6E2A1E4DE5003E4D60 /* CIDemoUITests.xctest */,
			);
			name = Products;
			sourceTree = "<group>";
		};
		AF877F562A1E4DE2003E4D60 /* CIDemo */ = {
			isa = PBXGroup;
			children = (
				AF877F572A1E4DE2003E4D60 /* CIDemoApp.swift */,
				AF877F592A1E4DE2003E4D60 /* ContentView.swift */,
				AF877F5B2A1E4DE5003E4D60 /* Assets.xcassets */,
				AF877F5D2A1E4DE5003E4D60 /* Preview Content */,
			);
			path = CIDemo;
			sourceTree = "<group>";
		};
		AF877F5D2A1E4DE5003E4D60 /* Preview Content */ = {
			isa = PBXGroup;
			children = (
				AF877F5E2A1E4DE5003E4D60 /* Preview Assets.xcassets */,
			);
			path = "Preview Content";
			sourceTree = "<group>";
		};
		AF877F672A1E4DE5003E4D60 /* CIDemoTests */ = {
			isa = PBXGroup;
			children = (
				AF877F682A1E4DE5003E4D60 /* CIDemoTests.swift */,
			);
			path = CIDemoTests;
			sourceTree = "<group>";
		};
		AF877F712A1E4DE5003E4D60 /* CIDemoUITests */ = {
			isa = PBXGroup;
			children = (
				AF877F722A1E4DE5003E4D60 /* CIDemoUITests.swift */,
				AF877F742A1E4DE5003E4D60 /* CIDemoUITestsLaunchTests.swift */,
			);
			path = CIDemoUITests;
			sourceTree = "<group>";
		};
/* End PBXGroup section */

/* Begin PBXNativeTarget section */
		AF877F532A1E4DE2003E4D60 /* CIDemo */ = {
			isa = PBXNativeTarget;
			buildConfigurationList = AF877F782A1E4DE5003E4D60 /* Build configuration list for PBXNativeTarget "CIDemo" */;
			buildPhases = (
				AF877F502A1E4DE2003E4D60 /* Sources */,
				AF877F512A1E4DE2003E4D60 /* Frameworks */,
				AF877F522A1E4DE2003E4D60 /* Resources */,
			);
			buildRules = (
			);
			dependencies = (
			);
			name = CIDemo;
			productName = CIDemo;
			productReference = AF877F542A1E4DE2003E4D60 /* CIDemo.app */;
			productType = "com.apple.product-type.application";
		};
		AF877F632A1E4DE5003E4D60 /* CIDemoTests */ = {
			isa = PBXNativeTarget;
			buildConfigurationList = AF877F7B2A1E4DE5003E4D60 /* Build configuration list for PBXNativeTarget "CIDemoTests" */;
			buildPhases = (
				AF877F602A1E4DE5003E4D60 /* Sources */,
				AF877F612A1E4DE5003E4D60 /* Frameworks */,
				AF877F622A1E4DE5003E4D60 /* Resources */,
			);
			buildRules = (
			);
			dependencies = (
				AF877F662A1E4DE5003E4D60 /* PBXTargetDependency */,
			);
			name = CIDemoTests;
			productName = CIDemoTests;
			productReference = AF877F642A1E4DE5003E4D60 /* CIDemoTests.xctest */;
			productType = "com.apple.product-type.bundle.unit-test";
		};
		AF877F6D2A1E4DE5003E4D60 /* CIDemoUITests */ = {
			isa = PBXNativeTarget;
			buildConfigurationList = AF877F7E2A1E4DE5003E4D60 /* Build configuration list for PBXNativeTarget "CIDemoUITests" */;
			buildPhases = (
				AF877F6A2A1E4DE5003E4D60 /* Sources */,
				AF877F6B2A1E4DE5003E4D60 /* Frameworks */,
				AF877F6C2A1E4DE5003E4D60 /* Resources */,
			);
			buildRules = (
			);
			dependencies = (
				AF877F702A1E4DE5003E4D60 /* PBXTargetDependency */,
			);
			name = CIDemoUITests;
			productName = CIDemoUITests;
			productReference = AF877F6E2A1E4DE5003E4D60 /* CIDemoUITests.xctest */;
			productType = "com.apple.product-type.bundle.ui-testing";
		};
/* End PBXNativeTarget section */

/* Begin PBXProject section */
		AF877F4C2A1E4DE2003E4D60 /* Project object */ = {
			isa = PBXProject;
			attributes = {
				BuildIndependentTargetsInParallel = 1;
				LastSwiftUpdateCheck = 1430;
				LastUpgradeCheck = 1430;
				TargetAttributes = {
					AF877F532A1E4DE2003E4D60 = {
						CreatedOnToolsVersion = 14.3;
					};
					AF877F632A1E4DE5003E4D60 = {
						CreatedOnToolsVersion = 14.3;
						TestTargetID = AF877F532A1E4DE2003E4D60;
					};
					AF877F6D2A1E4DE5003E4D60 = {
						CreatedOnToolsVersion = 14.3;
						TestTargetID = AF877F532A1E4DE2003E4D60;
					};
				};
			};
			buildConfigurationList = AF877F4F2A1E4DE2003E4D60 /* Build configuration list for PBXProject "CIDemo" */;
			compatibilityVersion = "Xcode 14.0";
			developmentRegion = en;
			hasScannedForEncodings = 0;
			knownRegions = (
				en,
				Base,
			);
			mainGroup = AF877F4B2A1E4DE2003E4D60;
			productRefGroup = AF877F552A1E4DE2003E4D60 /* Products */;
			projectDirPath = "";
			projectRoot = "";
			targets = (
				AF877F532A1E4DE2003E4D60 /* CIDemo */,
				AF877F632A1E4DE5003E4D60 /* CIDemoTests */,
				AF877F6D2A1E4DE5003E4D60 /* CIDemoUITests */,
			);
		};
/* End PBXProject section */

/* Begin PBXResourcesBuildPhase section */
		AF877F522A1E4DE2003E4D60 /* Resources */ = {
			isa = PBXResourcesBuildPhase;
			buildActionMask = 2147483647;
			files = (
				AF877F5F2A1E4DE5003E4D60 /* Preview Assets.xcassets in Resources */,
				AF877F5C2A1E4DE5003E4D60 /* Assets.xcassets in Resources */,
			);
			runOnlyForDeploymentPostprocessing = 0;
		};
		AF877F622A1E4DE5003E4D60 /* Resources */ = {
			isa = PBXResourcesBuildPhase;
			buildActionMask = 2147483647;
			files = (
			);
			runOnlyForDeploymentPostprocessing = 0;
		};
		AF877F6C2A1E4DE5003E4D60 /* Resources */ = {
			isa = PBXResourcesBuildPhase;
			buildActionMask = 2147483647;
			files = (
			);
			runOnlyForDeploymentPostprocessing = 0;
		};
/* End PBXResourcesBuildPhase section */

/* Begin PBXSourcesBuildPhase section */
		AF877F502A1E4DE2003E4D60 /* Sources */ = {
			isa = PBXSourcesBuildPhase;
			buildActionMask = 2147483647;
			files = (
				AF877F5A2A1E4DE2003E4D60 /* ContentView.swift in Sources */,
				AF877F582A1E4DE2003E4D60 /* CIDemoApp.swift in Sources */,
			);
			runOnlyForDeploymentPostprocessing = 0;
		};
		AF877F602A1E4DE5003E4D60 /* Sources */ = {
			isa = PBXSourcesBuildPhase;
			buildActionMask = 2147483647;
			files = (
				AF877F692A1E4DE5003E4D60 /* CIDemoTests.swift in Sources */,
			);
			runOnlyForDeploymentPostprocessing = 0;
		};
		AF877F6A2A1E4DE5003E4D60 /* Sources */ = {
			isa = PBXSourcesBuildPhase;
			buildActionMask = 2147483647;
			files = (
				AF877F732A1E4DE5003E4D60 /* CIDemoUITests.swift in Sources */,
				AF877F752A1E4DE5003E4D60 /* CIDemoUITestsLaunchTests.swift in Sources */,
			);
			runOnlyForDeploymentPostprocessing = 0;
		};
/* End PBXSourcesBuildPhase section */

/* Begin PBXTargetDependency section */
		AF877F662A1E4DE5003E4D60 /* PBXTargetDependency */ = {
			isa = PBXTargetDependency;
			target = AF877F532A1E4DE2003E4D60 /* CIDemo */;
			targetProxy = AF877F652A1E4DE5003E4D60 /* PBXContainerItemProxy */;
		};
		AF877F702A1E4DE5003E4D60 /* PBXTargetDependency */ = {
			isa = PBXTargetDependency;
			target = AF877F532A1E4DE2003E4D60 /* CIDemo */;
			targetProxy = AF877F6F2A1E4DE5003E4D60 /* PBXContainerItemProxy */;
		};
/* End PBXTargetDependency section */

/* Begin XCBuildConfiguration section */
		AF877F762A1E4DE5003E4D60 /* Debug */ = {
			isa = XCBuildConfiguration;
			buildSettings = {
				ALWAYS_SEARCH_USER_PATHS = NO;
				CLANG_ANALYZER_NONNULL = YES;
				CLANG_ANALYZER_NUMBER_OBJECT_CONVERSION = YES_AGGRESSIVE;
				CLANG_CXX_LANGUAGE_STANDARD = "gnu++20";
				CLANG_ENABLE_MODULES = YES;
				CLANG_ENABLE_OBJC_ARC = YES;
				CLANG_ENABLE_OBJC_WEAK = YES;
				CLANG_WARN_BLOCK_CAPTURE_AUTORELEASING = YES;
				CLANG_WARN_BOOL_CONVERSION = YES;
				CLANG_WARN_COMMA = YES;
				CLANG_WARN_CONSTANT_CONVERSION = YES;
				CLANG_WARN_DEPRECATED_OBJC_IMPLEMENTATIONS = YES;
				CLANG_WARN_DIRECT_OBJC_ISA_USAGE = YES_ERROR;
				CLANG_WARN_DOCUMENTATION_COMMENTS = YES;
				CLANG_WARN_EMPTY_BODY = YES;
				CLANG_WARN_ENUM_CONVERSION = YES;
				CLANG_WARN_INFINITE_RECURSION = YES;
				CLANG_WARN_INT_CONVERSION = YES;
				CLANG_WARN_NON_LITERAL_NULL_CONVERSION = YES;
				CLANG_WARN_OBJC_IMPLICIT_RETAIN_SELF = YES;
				CLANG_WARN_OBJC_LITERAL_CONVERSION = YES;
				CLANG_WARN_OBJC_ROOT_CLASS = YES_ERROR;
				CLANG_WARN_QUOTED_INCLUDE_IN_FRAMEWORK_HEADER = YES;
				CLANG_WARN_RANGE_LOOP_ANALYSIS = YES;
				CLANG_WARN_STRICT_PROTOTYPES = YES;
				CLANG_WARN_SUSPICIOUS_MOVE = YES;
				CLANG_WARN_UNGUARDED_AVAILABILITY = YES_AGGRESSIVE;
				CLANG_WARN_UNREACHABLE_CODE = YES;
				CLANG_WARN__DUPLICATE_METHOD_MATCH = YES;
				COPY_PHASE_STRIP = NO;
				DEBUG_INFORMATION_FORMAT = dwarf;
				ENABLE_STRICT_OBJC_MSGSEND = YES;
				ENABLE_TESTABILITY = YES;
				GCC_C_LANGUAGE_STANDARD = gnu11;
				GCC_DYNAMIC_NO_PIC = NO;
				GCC_NO_COMMON_BLOCKS = YES;
				GCC_OPTIMIZATION_LEVEL = 0;
				GCC_PREPROCESSOR_DEFINITIONS = (
					"DEBUG=1",
					"$(inherited)",
				);
				GCC_WARN_64_TO_32_BIT_CONVERSION = YES;
				GCC_WARN_ABOUT_RETURN_TYPE = YES_ERROR;
				GCC_WARN_UNDECLARED_SELECTOR = YES;
				GCC_WARN_UNINITIALIZED_AUTOS = YES_AGGRESSIVE;
				GCC_WARN_UNUSED_FUNCTION = YES;
				GCC_WARN_UNUSED_VARIABLE = YES;
				IPHONEOS_DEPLOYMENT_TARGET = 16.4;
				MTL_ENABLE_DEBUG_INFO = INCLUDE_SOURCE;
				MTL_FAST_MATH = YES;
				ONLY_ACTIVE_ARCH = YES;
				SDKROOT = iphoneos;
				SWIFT_ACTIVE_COMPILATION_CONDITIONS = DEBUG;
				SWIFT_OPTIMIZATION_LEVEL = "-Onone";
			};
			name = Debug;
		};
		AF877F772A1E4DE5003E4D60 /* Release */ = {
			isa = XCBuildConfiguration;
			buildSettings = {
				ALWAYS_SEARCH_USER_PATHS = NO;
				CLANG_ANALYZER_NONNULL = YES;
				CLANG_ANALYZER_NUMBER_OBJECT_CONVERSION = YES_AGGRESSIVE;
				CLANG_CXX_LANGUAGE_STANDARD = "gnu++20";
				CLANG_ENABLE_MODULES = YES;
				CLANG_ENABLE_OBJC_ARC = YES;
				CLANG_ENABLE_OBJC_WEAK = YES;
				CLANG_WARN_BLOCK_CAPTURE_AUTORELEASING = YES;
				CLANG_WARN_BOOL_CONVERSION = YES;
				CLANG_WARN_COMMA = YES;
				CLANG_WARN_CONSTANT_CONVERSION = YES;
				CLANG_WARN_DEPRECATED_OBJC_IMPLEMENTATIONS = YES;
				CLANG_WARN_DIRECT_OBJC_ISA_USAGE = YES_ERROR;
				CLANG_WARN_DOCUMENTATION_COMMENTS = YES;
				CLANG_WARN_EMPTY_BODY = YES;
				CLANG_WARN_ENUM_CONVERSION = YES;
				CLANG_WARN_INFINITE_RECURSION = YES;
				CLANG_WARN_INT_CONVERSION = YES;
				CLANG_WARN_NON_LITERAL_NULL_CONVERSION = YES;
				CLANG_WARN_OBJC_IMPLICIT_RETAIN_SELF = YES;
				CLANG_WARN_OBJC_LITERAL_CONVERSION = YES;
				CLANG_WARN_OBJC_ROOT_CLASS = YES_ERROR;
				CLANG_WARN_QUOTED_INCLUDE_IN_FRAMEWORK_HEADER = YES;
				CLANG_WARN_RANGE_LOOP_ANALYSIS = YES;
				CLANG_WARN_STRICT_PROTOTYPES = YES;
				CLANG_WARN_SUSPICIOUS_MOVE = YES;
				CLANG_WARN_UNGUARDED_AVAILABILITY = YES_AGGRESSIVE;
				CLANG_WARN_UNREACHABLE_CODE = YES;
				CLANG_WARN__DUPLICATE_METHOD_MATCH = YES;
				COPY_PHASE_STRIP = NO;
				DEBUG_INFORMATION_FORMAT = "dwarf-with-dsym";
				ENABLE_NS_ASSERTIONS = NO;
				ENABLE_STRICT_OBJC_MSGSEND = YES;
				GCC_C_LANGUAGE_STANDARD = gnu11;
				GCC_NO_COMMON_BLOCKS = YES;
				GCC_WARN_64_TO_32_BIT_CONVERSION = YES;
				GCC_WARN_ABOUT_RETURN_TYPE = YES_ERROR;
				GCC_WARN_UNDECLARED_SELECTOR = YES;
				GCC_WARN_UNINITIALIZED_AUTOS = YES_AGGRESSIVE;
				GCC_WARN_UNUSED_FUNCTION = YES;
				GCC_WARN_UNUSED_VARIABLE = YES;
				IPHONEOS_DEPLOYMENT_TARGET = 16.4;
				MTL_ENABLE_DEBUG_INFO = NO;
				MTL_FAST_MATH = YES;
				SDKROOT = iphoneos;
				SWIFT_COMPILATION_MODE = wholemodule;
				SWIFT_OPTIMIZATION_LEVEL = "-O";
				VALIDATE_PRODUCT = YES;
			};
			name = Release;
		};
		AF877F792A1E4DE5003E4D60 /* Debug */ = {
			isa = XCBuildConfiguration;
			buildSettings = {
				ASSETCATALOG_COMPILER_APPICON_NAME = AppIcon;
				ASSETCATALOG_COMPILER_GLOBAL_ACCENT_COLOR_NAME = AccentColor;
				CODE_SIGN_STYLE = Automatic;
				CURRENT_PROJECT_VERSION = 1;
				DEVELOPMENT_ASSET_PATHS = "\"CIDemo/Preview Content\"";
				DEVELOPMENT_TEAM = 232EZ3Q63H;
				ENABLE_PREVIEWS = YES;
				GENERATE_INFOPLIST_FILE = YES;
				INFOPLIST_KEY_UIApplicationSceneManifest_Generation = YES;
				INFOPLIST_KEY_UIApplicationSupportsIndirectInputEvents = YES;
				INFOPLIST_KEY_UILaunchScreen_Generation = YES;
				INFOPLIST_KEY_UISupportedInterfaceOrientations_iPad = "UIInterfaceOrientationPortrait UIInterfaceOrientationPortraitUpsideDown UIInterfaceOrientationLandscapeLeft UIInterfaceOrientationLandscapeRight";
				INFOPLIST_KEY_UISupportedInterfaceOrientations_iPhone = "UIInterfaceOrientationPortrait UIInterfaceOrientationLandscapeLeft UIInterfaceOrientationLandscapeRight";
				LD_RUNPATH_SEARCH_PATHS = (
					"$(inherited)",
					"@executable_path/Frameworks",
				);
				MARKETING_VERSION = 1.0;
				PRODUCT_BUNDLE_IDENTIFIER = com.amanotes.demo.CIDemo;
				PRODUCT_NAME = "$(TARGET_NAME)";
				SWIFT_EMIT_LOC_STRINGS = YES;
				SWIFT_VERSION = 5.0;
				TARGETED_DEVICE_FAMILY = "1,2";
			};
			name = Debug;
		};
		AF877F7A2A1E4DE5003E4D60 /* Release */ = {
			isa = XCBuildConfiguration;
			buildSettings = {
				ASSETCATALOG_COMPILER_APPICON_NAME = AppIcon;
				ASSETCATALOG_COMPILER_GLOBAL_ACCENT_COLOR_NAME = AccentColor;
				CODE_SIGN_STYLE = Automatic;
				CURRENT_PROJECT_VERSION = 1;
				DEVELOPMENT_ASSET_PATHS = "\"CIDemo/Preview Content\"";
				DEVELOPMENT_TEAM = 232EZ3Q63H;
				ENABLE_PREVIEWS = YES;
				GENERATE_INFOPLIST_FILE = YES;
				INFOPLIST_KEY_UIApplicationSceneManifest_Generation = YES;
				INFOPLIST_KEY_UIApplicationSupportsIndirectInputEvents = YES;
				INFOPLIST_KEY_UILaunchScreen_Generation = YES;
				INFOPLIST_KEY_UISupportedInterfaceOrientations_iPad = "UIInterfaceOrientationPortrait UIInterfaceOrientationPortraitUpsideDown UIInterfaceOrientationLandscapeLeft UIInterfaceOrientationLandscapeRight";
				INFOPLIST_KEY_UISupportedInterfaceOrientations_iPhone = "UIInterfaceOrientationPortrait UIInterfaceOrientationLandscapeLeft UIInterfaceOrientationLandscapeRight";
				LD_RUNPATH_SEARCH_PATHS = (
					"$(inherited)",
					"@executable_path/Frameworks",
				);
				MARKETING_VERSION = 1.0;
				PRODUCT_BUNDLE_IDENTIFIER = com.amanotes.demo.CIDemo;
				PRODUCT_NAME = "$(TARGET_NAME)";
				SWIFT_EMIT_LOC_STRINGS = YES;
				SWIFT_VERSION = 5.0;
				TARGETED_DEVICE_FAMILY = "1,2";
			};
			name = Release;
		};
		AF877F7C2A1E4DE5003E4D60 /* Debug */ = {
			isa = XCBuildConfiguration;
			buildSettings = {
				ALWAYS_EMBED_SWIFT_STANDARD_LIBRARIES = YES;
				BUNDLE_LOADER = "$(TEST_HOST)";
				CODE_SIGN_STYLE = Automatic;
				CURRENT_PROJECT_VERSION = 1;
				DEVELOPMENT_TEAM = 232EZ3Q63H;
				GENERATE_INFOPLIST_FILE = YES;
				IPHONEOS_DEPLOYMENT_TARGET = 16.4;
				MARKETING_VERSION = 1.0;
				PRODUCT_BUNDLE_IDENTIFIER = com.amanotes.demo.CIDemoTests;
				PRODUCT_NAME = "$(TARGET_NAME)";
				SWIFT_EMIT_LOC_STRINGS = NO;
				SWIFT_VERSION = 5.0;
				TARGETED_DEVICE_FAMILY = "1,2";
				TEST_HOST = "$(BUILT_PRODUCTS_DIR)/CIDemo.app/$(BUNDLE_EXECUTABLE_FOLDER_PATH)/CIDemo";
			};
			name = Debug;
		};
		AF877F7D2A1E4DE5003E4D60 /* Release */ = {
			isa = XCBuildConfiguration;
			buildSettings = {
				ALWAYS_EMBED_SWIFT_STANDARD_LIBRARIES = YES;
				BUNDLE_LOADER = "$(TEST_HOST)";
				CODE_SIGN_STYLE = Automatic;
				CURRENT_PROJECT_VERSION = 1;
				DEVELOPMENT_TEAM = 232EZ3Q63H;
				GENERATE_INFOPLIST_FILE = YES;
				IPHONEOS_DEPLOYMENT_TARGET = 16.4;
				MARKETING_VERSION = 1.0;
				PRODUCT_BUNDLE_IDENTIFIER = com.amanotes.demo.CIDemoTests;
				PRODUCT_NAME = "$(TARGET_NAME)";
				SWIFT_EMIT_LOC_STRINGS = NO;
				SWIFT_VERSION = 5.0;
				TARGETED_DEVICE_FAMILY = "1,2";
				TEST_HOST = "$(BUILT_PRODUCTS_DIR)/CIDemo.app/$(BUNDLE_EXECUTABLE_FOLDER_PATH)/CIDemo";
			};
			name = Release;
		};
		AF877F7F2A1E4DE5003E4D60 /* Debug */ = {
			isa = XCBuildConfiguration;
			buildSettings = {
				ALWAYS_EMBED_SWIFT_STANDARD_LIBRARIES = YES;
				CODE_SIGN_STYLE = Automatic;
				CURRENT_PROJECT_VERSION = 1;
				DEVELOPMENT_TEAM = 232EZ3Q63H;
				GENERATE_INFOPLIST_FILE = YES;
				MARKETING_VERSION = 1.0;
				PRODUCT_BUNDLE_IDENTIFIER = com.amanotes.demo.CIDemoUITests;
				PRODUCT_NAME = "$(TARGET_NAME)";
				SWIFT_EMIT_LOC_STRINGS = NO;
				SWIFT_VERSION = 5.0;
				TARGETED_DEVICE_FAMILY = "1,2";
				TEST_TARGET_NAME = CIDemo;
			};
			name = Debug;
		};
		AF877F802A1E4DE5003E4D60 /* Release */ = {
			isa = XCBuildConfiguration;
			buildSettings = {
				ALWAYS_EMBED_SWIFT_STANDARD_LIBRARIES = YES;
				CODE_SIGN_STYLE = Automatic;
				CURRENT_PROJECT_VERSION = 1;
				DEVELOPMENT_TEAM = 232EZ3Q63H;
				GENERATE_INFOPLIST_FILE = YES;
				MARKETING_VERSION = 1.0;
				PRODUCT_BUNDLE_IDENTIFIER = com.amanotes.demo.CIDemoUITests;
				PRODUCT_NAME = "$(TARGET_NAME)";
				SWIFT_EMIT_LOC_STRINGS = NO;
				SWIFT_VERSION = 5.0;
				TARGETED_DEVICE_FAMILY = "1,2";
				TEST_TARGET_NAME = CIDemo;
			};
			name = Release;
		};
/* End XCBuildConfiguration section */

/* Begin XCConfigurationList section */
		AF877F4F2A1E4DE2003E4D60 /* Build configuration list for PBXProject "CIDemo" */ = {
			isa = XCConfigurationList;
			buildConfigurations = (
				AF877F762A1E4DE5003E4D60 /* Debug */,
				AF877F772A1E4DE5003E4D60 /* Release */,
			);
			defaultConfigurationIsVisible = 0;
			defaultConfigurationName = Release;
		};
		AF877F782A1E4DE5003E4D60 /* Build configuration list for PBXNativeTarget "CIDemo" */ = {
			isa = XCConfigurationList;
			buildConfigurations = (
				AF877F792A1E4DE5003E4D60 /* Debug */,
				AF877F7A2A1E4DE5003E4D60 /* Release */,
			);
			defaultConfigurationIsVisible = 0;
			defaultConfigurationName = Release;
		};
		AF877F7B2A1E4DE5003E4D60 /* Build configuration list for PBXNativeTarget "CIDemoTests" */ = {
			isa = XCConfigurationList;
			buildConfigurations = (
				AF877F7C2A1E4DE5003E4D60 /* Debug */,
				AF877F7D2A1E4DE5003E4D60 /* Release */,
			);
			defaultConfigurationIsVisible = 0;
			defaultConfigurationName = Release;
		};
		AF877F7E2A1E4DE5003E4D60 /* Build configuration list for PBXNativeTarget "CIDemoUITests" */ = {
			isa = XCConfigurationList;
			buildConfigurations = (
				AF877F7F2A1E4DE5003E4D60 /* Debug */,
				AF877F802A1E4DE5003E4D60 /* Release */,
			);
			defaultConfigurationIsVisible = 0;
			defaultConfigurationName = Release;
		};
/* End XCConfigurationList section */
	};
	rootObject = AF877F4C2A1E4DE2003E4D60 /* Project object */;
}
